
Microsoft Visual Studio Solution File, Format Version 12.00
# Visual Studio Version 16
VisualStudioVersion = 16.0.30114.105
MinimumVisualStudioVersion = 10.0.40219.1
Project("{2150E333-8FDC-42A3-9474-1A3956D46DE8}") = "src", "src", "{642F4768-881A-47B2-9327-BFE3E24D895E}"
EndProject
Project("{F2A71F9B-5D33-465A-A702-920D77279786}") = "Library", "src\Library\Library.fsproj", "{0100B214-55D6-4D33-8559-09F23C1C65E1}"
EndProject
Project("{F2A71F9B-5D33-465A-A702-920D77279786}") = "App", "src\App\App.fsproj", "{ED096FFF-8F7D-4921-B8B8-CDBAD12F65B1}"
EndProject
Global
	GlobalSection(SolutionConfigurationPlatforms) = preSolution
		Debug|Any CPU = Debug|Any CPU
		Release|Any CPU = Release|Any CPU
	EndGlobalSection
	GlobalSection(SolutionProperties) = preSolution
		HideSolutionNode = FALSE
	EndGlobalSection
	GlobalSection(ProjectConfigurationPlatforms) = postSolution
		{0100B214-55D6-4D33-8559-09F23C1C65E1}.Debug|Any CPU.ActiveCfg = Debug|Any CPU
		{0100B214-55D6-4D33-8559-09F23C1C65E1}.Debug|Any CPU.Build.0 = Debug|Any CPU
		{0100B214-55D6-4D33-8559-09F23C1C65E1}.Release|Any CPU.ActiveCfg = Release|Any CPU
		{0100B214-55D6-4D33-8559-09F23C1C65E1}.Release|Any CPU.Build.0 = Release|Any CPU
		{ED096FFF-8F7D-4921-B8B8-CDBAD12F65B1}.Debug|Any CPU.ActiveCfg = Debug|Any CPU
		{ED096FFF-8F7D-4921-B8B8-CDBAD12F65B1}.Debug|Any CPU.Build.0 = Debug|Any CPU
		{ED096FFF-8F7D-4921-B8B8-CDBAD12F65B1}.Release|Any CPU.ActiveCfg = Release|Any CPU
		{ED096FFF-8F7D-4921-B8B8-CDBAD12F65B1}.Release|Any CPU.Build.0 = Release|Any CPU
	EndGlobalSection
	GlobalSection(NestedProjects) = preSolution
		{0100B214-55D6-4D33-8559-09F23C1C65E1} = {642F4768-881A-47B2-9327-BFE3E24D895E}
		{ED096FFF-8F7D-4921-B8B8-CDBAD12F65B1} = {642F4768-881A-47B2-9327-BFE3E24D895E}
	EndGlobalSection
EndGlobal
